
Microsoft Visual Studio Solution File, Format Version 12.00
# Visual Studio Version 16
VisualStudioVersion = 16.0.31410.357
MinimumVisualStudioVersion = 10.0.40219.1
Project("{2150E333-8FDC-42A3-9474-1A3956D46DE8}") = "Tutorial-One", "Tutorial-One", "{D2BCDEFF-1C89-411B-AB39-C38C3C654C38}"
EndProject
Project("{9A19103F-16F7-4668-BE54-9A1E7A4F7556}") = "SignalR.API", "Tutorial-One\SignalR.API\SignalR.API.csproj", "{9DBC972E-2D31-4CE5-8127-8CEFCB952378}"
EndProject
Project("{9A19103F-16F7-4668-BE54-9A1E7A4F7556}") = "SignalR.Web", "Tutorial-One\SignalR.Web\SignalR.Web.csproj", "{9269C3FF-A154-47C8-931E-0BDCCB4ADD49}"
EndProject
Project("{2150E333-8FDC-42A3-9474-1A3956D46DE8}") = "Tutorial-Two", "Tutorial-Two", "{B39AE11F-9672-4417-9DA6-99CEABD42801}"
EndProject
Project("{FAE04EC0-301F-11D3-BF4B-00C04F79EFBC}") = "SignalR.Covid19Chart.API", "Tutorial-Two\SignalR.Covid19Chart.API\SignalR.Covid19Chart.API.csproj", "{26E3259D-CB02-4E75-B2E0-C88BB92EA583}"
EndProject
Global
	GlobalSection(SolutionConfigurationPlatforms) = preSolution
		Debug|Any CPU = Debug|Any CPU
		Release|Any CPU = Release|Any CPU
	EndGlobalSection
	GlobalSection(ProjectConfigurationPlatforms) = postSolution
		{9DBC972E-2D31-4CE5-8127-8CEFCB952378}.Debug|Any CPU.ActiveCfg = Debug|Any CPU
		{9DBC972E-2D31-4CE5-8127-8CEFCB952378}.Debug|Any CPU.Build.0 = Debug|Any CPU
		{9DBC972E-2D31-4CE5-8127-8CEFCB952378}.Release|Any CPU.ActiveCfg = Release|Any CPU
		{9DBC972E-2D31-4CE5-8127-8CEFCB952378}.Release|Any CPU.Build.0 = Release|Any CPU
		{9269C3FF-A154-47C8-931E-0BDCCB4ADD49}.Debug|Any CPU.ActiveCfg = Debug|Any CPU
		{9269C3FF-A154-47C8-931E-0BDCCB4ADD49}.Debug|Any CPU.Build.0 = Debug|Any CPU
		{9269C3FF-A154-47C8-931E-0BDCCB4ADD49}.Release|Any CPU.ActiveCfg = Release|Any CPU
		{9269C3FF-A154-47C8-931E-0BDCCB4ADD49}.Release|Any CPU.Build.0 = Release|Any CPU
		{26E3259D-CB02-4E75-B2E0-C88BB92EA583}.Debug|Any CPU.ActiveCfg = Debug|Any CPU
		{26E3259D-CB02-4E75-B2E0-C88BB92EA583}.Debug|Any CPU.Build.0 = Debug|Any CPU
		{26E3259D-CB02-4E75-B2E0-C88BB92EA583}.Release|Any CPU.ActiveCfg = Release|Any CPU
		{26E3259D-CB02-4E75-B2E0-C88BB92EA583}.Release|Any CPU.Build.0 = Release|Any CPU
	EndGlobalSection
	GlobalSection(SolutionProperties) = preSolution
		HideSolutionNode = FALSE
	EndGlobalSection
	GlobalSection(NestedProjects) = preSolution
		{9DBC972E-2D31-4CE5-8127-8CEFCB952378} = {D2BCDEFF-1C89-411B-AB39-C38C3C654C38}
		{9269C3FF-A154-47C8-931E-0BDCCB4ADD49} = {D2BCDEFF-1C89-411B-AB39-C38C3C654C38}
		{26E3259D-CB02-4E75-B2E0-C88BB92EA583} = {B39AE11F-9672-4417-9DA6-99CEABD42801}
	EndGlobalSection
	GlobalSection(ExtensibilityGlobals) = postSolution
		SolutionGuid = {FAF38BE3-B237-4787-8437-119761EAEA60}
	EndGlobalSection
EndGlobal
